
Microsoft Visual Studio Solution File, Format Version 11.00
# Visual Studio 2010
Project("{8BC9CEB8-8B4A-11D0-8D11-00A0C91BC942}") = "GCMSLibSearch", "GCMSLibSearch\GCMSLibSearch.vcxproj", "{A69D13F0-086A-4FB5-B453-493E0166DFD2}"
EndProject
Project("{8BC9CEB8-8B4A-11D0-8D11-00A0C91BC942}") = "GCMSLibSearchDLL", "GCMSLibSearchDLL\GCMSLibSearchDLL.vcxproj", "{8E68A725-824B-4DF2-911D-146446E7573A}"
EndProject
Project("{8BC9CEB8-8B4A-11D0-8D11-00A0C91BC942}") = "GCMSLibSearchTest", "GCMSLibSearchTest\GCMSLibSearchTest.vcxproj", "{B406CAD8-8A15-4623-AE4D-A81F92D4D6BC}"
EndProject
Project("{8BC9CEB8-8B4A-11D0-8D11-00A0C91BC942}") = "GCMSLibManagerDLL", "GCMSLibManager\GCMSLibManager.vcxproj", "{CF82F945-ABCA-4CA8-B1B7-F8B227621F5E}"
EndProject
Project("{8BC9CEB8-8B4A-11D0-8D11-00A0C91BC942}") = "GCMSLibManagerTest", "GCMSLibManagerTest\GCMSLibManagerTest.vcxproj", "{00905E17-88B2-480C-B18D-D7EBB004FD8A}"
EndProject
Global
	GlobalSection(SolutionConfigurationPlatforms) = preSolution
		Debug|Win32 = Debug|Win32
		Release|Win32 = Release|Win32
	EndGlobalSection
	GlobalSection(ProjectConfigurationPlatforms) = postSolution
		{A69D13F0-086A-4FB5-B453-493E0166DFD2}.Debug|Win32.ActiveCfg = Debug|Win32
		{A69D13F0-086A-4FB5-B453-493E0166DFD2}.Debug|Win32.Build.0 = Debug|Win32
		{A69D13F0-086A-4FB5-B453-493E0166DFD2}.Release|Win32.ActiveCfg = Release|Win32
		{A69D13F0-086A-4FB5-B453-493E0166DFD2}.Release|Win32.Build.0 = Release|Win32
		{8E68A725-824B-4DF2-911D-146446E7573A}.Debug|Win32.ActiveCfg = Debug|Win32
		{8E68A725-824B-4DF2-911D-146446E7573A}.Debug|Win32.Build.0 = Debug|Win32
		{8E68A725-824B-4DF2-911D-146446E7573A}.Release|Win32.ActiveCfg = Release|Win32
		{8E68A725-824B-4DF2-911D-146446E7573A}.Release|Win32.Build.0 = Release|Win32
		{B406CAD8-8A15-4623-AE4D-A81F92D4D6BC}.Debug|Win32.ActiveCfg = Debug|Win32
		{B406CAD8-8A15-4623-AE4D-A81F92D4D6BC}.Debug|Win32.Build.0 = Debug|Win32
		{B406CAD8-8A15-4623-AE4D-A81F92D4D6BC}.Release|Win32.ActiveCfg = Release|Win32
		{B406CAD8-8A15-4623-AE4D-A81F92D4D6BC}.Release|Win32.Build.0 = Release|Win32
		{CF82F945-ABCA-4CA8-B1B7-F8B227621F5E}.Debug|Win32.ActiveCfg = Debug|Win32
		{CF82F945-ABCA-4CA8-B1B7-F8B227621F5E}.Debug|Win32.Build.0 = Debug|Win32
		{CF82F945-ABCA-4CA8-B1B7-F8B227621F5E}.Release|Win32.ActiveCfg = Release|Win32
		{CF82F945-ABCA-4CA8-B1B7-F8B227621F5E}.Release|Win32.Build.0 = Release|Win32
		{00905E17-88B2-480C-B18D-D7EBB004FD8A}.Debug|Win32.ActiveCfg = Debug|Win32
		{00905E17-88B2-480C-B18D-D7EBB004FD8A}.Debug|Win32.Build.0 = Debug|Win32
		{00905E17-88B2-480C-B18D-D7EBB004FD8A}.Release|Win32.ActiveCfg = Release|Win32
		{00905E17-88B2-480C-B18D-D7EBB004FD8A}.Release|Win32.Build.0 = Release|Win32
	EndGlobalSection
	GlobalSection(SolutionProperties) = preSolution
		HideSolutionNode = FALSE
	EndGlobalSection
EndGlobal
